
Microsoft Visual Studio Solution File, Format Version 12.00
# Visual Studio 2013
VisualStudioVersion = 12.0.40629.0
MinimumVisualStudioVersion = 10.0.40219.1
Project("{2150E333-8FDC-42A3-9474-1A3956D46DE8}") = "1.Libraries", "1.Libraries", "{234B2411-0D60-4F9E-96E6-0019E0646F61}"
EndProject
Project("{2150E333-8FDC-42A3-9474-1A3956D46DE8}") = "4.Plugins", "4.Plugins", "{F13881BF-43B5-44D1-91A3-4E7D76B5ED9F}"
EndProject
Project("{2150E333-8FDC-42A3-9474-1A3956D46DE8}") = "2.Presentation", "2.Presentation", "{39BF8CAB-2329-4E16-BC6B-963E37DCC291}"
EndProject
Project("{2150E333-8FDC-42A3-9474-1A3956D46DE8}") = "3.Strategies", "3.Strategies", "{C8A902FB-2C2C-43F4-8D39-48E9B724B784}"
EndProject
Project("{FAE04EC0-301F-11D3-BF4B-00C04F79EFBC}") = "BrnMall.Core", "Libraries\BrnMall.Core\BrnMall.Core.csproj", "{089949BC-B250-42F0-8853-FADA0C2A61AB}"
EndProject
Project("{FAE04EC0-301F-11D3-BF4B-00C04F79EFBC}") = "BrnMall.Data", "Libraries\BrnMall.Data\BrnMall.Data.csproj", "{5AC2FC3F-B2D1-4C60-B392-E6479601C41E}"
EndProject
Project("{FAE04EC0-301F-11D3-BF4B-00C04F79EFBC}") = "BrnMall.Services", "Libraries\BrnMall.Services\BrnMall.Services.csproj", "{F0648A58-1818-4760-A26C-010A7E6B6E75}"
EndProject
Project("{FAE04EC0-301F-11D3-BF4B-00C04F79EFBC}") = "BrnMall.AsynStrategy.ThreadPool", "Strategies\BrnMall.AsynStrategy.ThreadPool\BrnMall.AsynStrategy.ThreadPool.csproj", "{D2828388-B0CC-4291-953E-174BB0663959}"
EndProject
Project("{FAE04EC0-301F-11D3-BF4B-00C04F79EFBC}") = "BrnMall.CacheStrategy.AspNet", "Strategies\BrnMall.CacheStrategy.AspNet\BrnMall.CacheStrategy.AspNet.csproj", "{010F8BCD-363C-4157-B14E-D5C7F842DC31}"
EndProject
Project("{FAE04EC0-301F-11D3-BF4B-00C04F79EFBC}") = "BrnMall.CartStrategy.SqlServer", "Strategies\BrnMall.CartStrategy.SqlServer\BrnMall.CartStrategy.SqlServer.csproj", "{FEFF6E76-D750-47A0-BF39-526A29CEEA95}"
EndProject
Project("{FAE04EC0-301F-11D3-BF4B-00C04F79EFBC}") = "BrnMall.ConfigStrategy.File", "Strategies\BrnMall.ConfigStrategy.File\BrnMall.ConfigStrategy.File.csproj", "{8FA0ACFE-B6CC-4A0F-930E-7801C782B88B}"
EndProject
Project("{FAE04EC0-301F-11D3-BF4B-00C04F79EFBC}") = "BrnMall.EventStrategy.Timer", "Strategies\BrnMall.EventStrategy.Timer\BrnMall.EventStrategy.Timer.csproj", "{653EB43A-2D95-42C0-82DF-7A64BD94FA46}"
EndProject
Project("{FAE04EC0-301F-11D3-BF4B-00C04F79EFBC}") = "BrnMall.EmailStrategy.DotNet", "Strategies\BrnMall.EmailStrategy.DotNet\BrnMall.EmailStrategy.DotNet.csproj", "{1F8EB43B-6876-4E67-9DB8-92283F436024}"
EndProject
Project("{FAE04EC0-301F-11D3-BF4B-00C04F79EFBC}") = "BrnMall.OrderStrategy.SqlServer", "Strategies\BrnMall.OrderStrategy.SqlServer\BrnMall.OrderStrategy.SqlServer.csproj", "{5761EA72-876B-4124-9C0C-A02848F14DE8}"
EndProject
Project("{FAE04EC0-301F-11D3-BF4B-00C04F79EFBC}") = "BrnMall.RandomStrategy.BrnMall", "Strategies\BrnMall.RandomStrategy.BrnMall\BrnMall.RandomStrategy.BrnMall.csproj", "{C30F393B-11CB-44EF-A297-CD8AFEE22585}"
EndProject
Project("{FAE04EC0-301F-11D3-BF4B-00C04F79EFBC}") = "BrnMall.RDBSStrategy.SqlServer", "Strategies\BrnMall.RDBSStrategy.SqlServer\BrnMall.RDBSStrategy.SqlServer.csproj", "{F8AB973F-7FBD-4E17-9318-AFA62B677CAA}"
EndProject
Project("{FAE04EC0-301F-11D3-BF4B-00C04F79EFBC}") = "BrnMall.SearchStrategy.SqlServer", "Strategies\BrnMall.SearchStrategy.SqlServer\BrnMall.SearchStrategy.SqlServer.csproj", "{F89CA8A1-A3FB-421E-8D8E-EF0DBA184469}"
EndProject
Project("{FAE04EC0-301F-11D3-BF4B-00C04F79EFBC}") = "BrnMall.SessionStrategy.AspNetCache", "Strategies\BrnMall.SessionStrategy.AspNetCache\BrnMall.SessionStrategy.AspNetCache.csproj", "{211B2D3E-6BD2-4C0F-88C5-63B9D72F77AE}"
EndProject
Project("{FAE04EC0-301F-11D3-BF4B-00C04F79EFBC}") = "BrnMall.SMSStrategy.BrnMall", "Strategies\BrnMall.SMSStrategy.BrnMall\BrnMall.SMSStrategy.BrnMall.csproj", "{D6B587D2-628F-44FD-A6E1-19AA09929D94}"
EndProject
Project("{FAE04EC0-301F-11D3-BF4B-00C04F79EFBC}") = "BrnMall.Web.Framework", "Presentation\BrnMall.Web.Framework\BrnMall.Web.Framework.csproj", "{D28523F3-3C46-429F-8DD4-6BBF2A2D57C8}"
EndProject
Project("{FAE04EC0-301F-11D3-BF4B-00C04F79EFBC}") = "BrnMall.Web", "Presentation\BrnMall.Web\BrnMall.Web.csproj", "{4E3E94FB-32E3-44A5-9C40-30755EA5E0AD}"
EndProject
Project("{FAE04EC0-301F-11D3-BF4B-00C04F79EFBC}") = "BrnMall.OAuthPlugin.QQ", "Plugins\BrnMall.OAuthPlugin.QQ\BrnMall.OAuthPlugin.QQ.csproj", "{73E9103F-D2C6-4768-AEE5-E58AFABEA572}"
EndProject
Project("{FAE04EC0-301F-11D3-BF4B-00C04F79EFBC}") = "BrnMall.PayPlugin.Alipay", "Plugins\BrnMall.PayPlugin.Alipay\BrnMall.PayPlugin.Alipay.csproj", "{E903AE8B-C341-4BAE-8457-3F3F236768BA}"
EndProject
Project("{FAE04EC0-301F-11D3-BF4B-00C04F79EFBC}") = "BrnMall.LogStrategy.Txt", "Strategies\BrnMall.LogStrategy.Txt\BrnMall.LogStrategy.Txt.csproj", "{9584FCB1-F453-4590-90F0-79FF3A8BFE06}"
EndProject
Project("{FAE04EC0-301F-11D3-BF4B-00C04F79EFBC}") = "BrnMall.Web.MallAdmin", "Presentation\BrnMall.Web\admin_mall\BrnMall.Web.MallAdmin.csproj", "{5E477CFD-7470-4016-8D5C-06DBE04C9022}"
EndProject
Project("{FAE04EC0-301F-11D3-BF4B-00C04F79EFBC}") = "BrnMall.Web.StoreAdmin", "Presentation\BrnMall.Web\admin_store\BrnMall.Web.StoreAdmin.csproj", "{5C4D1E31-87C8-4BC3-AF1E-7EA02A4843E6}"
EndProject
Project("{FAE04EC0-301F-11D3-BF4B-00C04F79EFBC}") = "BrnMall.Web.Mobile", "Presentation\BrnMall.Web\mobile\BrnMall.Web.Mobile.csproj", "{0AEBBF74-1EAB-4CEB-9780-4E42D5A0E663}"
EndProject
Project("{FAE04EC0-301F-11D3-BF4B-00C04F79EFBC}") = "BrnMall.UploadStrategy.LocalServer", "Strategies\BrnMall.UploadStrategy.LocalServer\BrnMall.UploadStrategy.LocalServer.csproj", "{A4182C18-5C78-40C7-9A87-3E42DC0BDBE0}"
EndProject
Project("{FAE04EC0-301F-11D3-BF4B-00C04F79EFBC}") = "BrnMall.PayPlugin.WeChat", "Plugins\BrnMall.PayPlugin.WeChat\BrnMall.PayPlugin.WeChat.csproj", "{DA29F2B0-213E-42E2-A4ED-E406B293A383}"
EndProject
Project("{FAE04EC0-301F-11D3-BF4B-00C04F79EFBC}") = "BrnMall.IPSeekStrategy.IPFile", "Strategies\BrnMall.IPSeekStrategy.IPFile\BrnMall.IPSeekStrategy.IPFile.csproj", "{BAC51E54-2819-45B5-AD0A-92BD639BA5F3}"
EndProject
Global
	GlobalSection(SolutionConfigurationPlatforms) = preSolution
		Debug|Any CPU = Debug|Any CPU
		Release|Any CPU = Release|Any CPU
	EndGlobalSection
	GlobalSection(ProjectConfigurationPlatforms) = postSolution
		{089949BC-B250-42F0-8853-FADA0C2A61AB}.Debug|Any CPU.ActiveCfg = Debug|Any CPU
		{089949BC-B250-42F0-8853-FADA0C2A61AB}.Debug|Any CPU.Build.0 = Debug|Any CPU
		{089949BC-B250-42F0-8853-FADA0C2A61AB}.Release|Any CPU.ActiveCfg = Release|Any CPU
		{089949BC-B250-42F0-8853-FADA0C2A61AB}.Release|Any CPU.Build.0 = Release|Any CPU
		{5AC2FC3F-B2D1-4C60-B392-E6479601C41E}.Debug|Any CPU.ActiveCfg = Debug|Any CPU
		{5AC2FC3F-B2D1-4C60-B392-E6479601C41E}.Debug|Any CPU.Build.0 = Debug|Any CPU
		{5AC2FC3F-B2D1-4C60-B392-E6479601C41E}.Release|Any CPU.ActiveCfg = Release|Any CPU
		{5AC2FC3F-B2D1-4C60-B392-E6479601C41E}.Release|Any CPU.Build.0 = Release|Any CPU
		{F0648A58-1818-4760-A26C-010A7E6B6E75}.Debug|Any CPU.ActiveCfg = Debug|Any CPU
		{F0648A58-1818-4760-A26C-010A7E6B6E75}.Debug|Any CPU.Build.0 = Debug|Any CPU
		{F0648A58-1818-4760-A26C-010A7E6B6E75}.Release|Any CPU.ActiveCfg = Release|Any CPU
		{F0648A58-1818-4760-A26C-010A7E6B6E75}.Release|Any CPU.Build.0 = Release|Any CPU
		{D2828388-B0CC-4291-953E-174BB0663959}.Debug|Any CPU.ActiveCfg = Debug|Any CPU
		{D2828388-B0CC-4291-953E-174BB0663959}.Debug|Any CPU.Build.0 = Debug|Any CPU
		{D2828388-B0CC-4291-953E-174BB0663959}.Release|Any CPU.ActiveCfg = Release|Any CPU
		{D2828388-B0CC-4291-953E-174BB0663959}.Release|Any CPU.Build.0 = Release|Any CPU
		{010F8BCD-363C-4157-B14E-D5C7F842DC31}.Debug|Any CPU.ActiveCfg = Debug|Any CPU
		{010F8BCD-363C-4157-B14E-D5C7F842DC31}.Debug|Any CPU.Build.0 = Debug|Any CPU
		{010F8BCD-363C-4157-B14E-D5C7F842DC31}.Release|Any CPU.ActiveCfg = Release|Any CPU
		{010F8BCD-363C-4157-B14E-D5C7F842DC31}.Release|Any CPU.Build.0 = Release|Any CPU
		{FEFF6E76-D750-47A0-BF39-526A29CEEA95}.Debug|Any CPU.ActiveCfg = Debug|Any CPU
		{FEFF6E76-D750-47A0-BF39-526A29CEEA95}.Debug|Any CPU.Build.0 = Debug|Any CPU
		{FEFF6E76-D750-47A0-BF39-526A29CEEA95}.Release|Any CPU.ActiveCfg = Release|Any CPU
		{FEFF6E76-D750-47A0-BF39-526A29CEEA95}.Release|Any CPU.Build.0 = Release|Any CPU
		{8FA0ACFE-B6CC-4A0F-930E-7801C782B88B}.Debug|Any CPU.ActiveCfg = Debug|Any CPU
		{8FA0ACFE-B6CC-4A0F-930E-7801C782B88B}.Debug|Any CPU.Build.0 = Debug|Any CPU
		{8FA0ACFE-B6CC-4A0F-930E-7801C782B88B}.Release|Any CPU.ActiveCfg = Release|Any CPU
		{8FA0ACFE-B6CC-4A0F-930E-7801C782B88B}.Release|Any CPU.Build.0 = Release|Any CPU
		{653EB43A-2D95-42C0-82DF-7A64BD94FA46}.Debug|Any CPU.ActiveCfg = Debug|Any CPU
		{653EB43A-2D95-42C0-82DF-7A64BD94FA46}.Debug|Any CPU.Build.0 = Debug|Any CPU
		{653EB43A-2D95-42C0-82DF-7A64BD94FA46}.Release|Any CPU.ActiveCfg = Release|Any CPU
		{653EB43A-2D95-42C0-82DF-7A64BD94FA46}.Release|Any CPU.Build.0 = Release|Any CPU
		{1F8EB43B-6876-4E67-9DB8-92283F436024}.Debug|Any CPU.ActiveCfg = Debug|Any CPU
		{1F8EB43B-6876-4E67-9DB8-92283F436024}.Debug|Any CPU.Build.0 = Debug|Any CPU
		{1F8EB43B-6876-4E67-9DB8-92283F436024}.Release|Any CPU.ActiveCfg = Release|Any CPU
		{1F8EB43B-6876-4E67-9DB8-92283F436024}.Release|Any CPU.Build.0 = Release|Any CPU
		{5761EA72-876B-4124-9C0C-A02848F14DE8}.Debug|Any CPU.ActiveCfg = Debug|Any CPU
		{5761EA72-876B-4124-9C0C-A02848F14DE8}.Debug|Any CPU.Build.0 = Debug|Any CPU
		{5761EA72-876B-4124-9C0C-A02848F14DE8}.Release|Any CPU.ActiveCfg = Release|Any CPU
		{5761EA72-876B-4124-9C0C-A02848F14DE8}.Release|Any CPU.Build.0 = Release|Any CPU
		{C30F393B-11CB-44EF-A297-CD8AFEE22585}.Debug|Any CPU.ActiveCfg = Debug|Any CPU
		{C30F393B-11CB-44EF-A297-CD8AFEE22585}.Debug|Any CPU.Build.0 = Debug|Any CPU
		{C30F393B-11CB-44EF-A297-CD8AFEE22585}.Release|Any CPU.ActiveCfg = Release|Any CPU
		{C30F393B-11CB-44EF-A297-CD8AFEE22585}.Release|Any CPU.Build.0 = Release|Any CPU
		{F8AB973F-7FBD-4E17-9318-AFA62B677CAA}.Debug|Any CPU.ActiveCfg = Debug|Any CPU
		{F8AB973F-7FBD-4E17-9318-AFA62B677CAA}.Debug|Any CPU.Build.0 = Debug|Any CPU
		{F8AB973F-7FBD-4E17-9318-AFA62B677CAA}.Release|Any CPU.ActiveCfg = Release|Any CPU
		{F8AB973F-7FBD-4E17-9318-AFA62B677CAA}.Release|Any CPU.Build.0 = Release|Any CPU
		{F89CA8A1-A3FB-421E-8D8E-EF0DBA184469}.Debug|Any CPU.ActiveCfg = Debug|Any CPU
		{F89CA8A1-A3FB-421E-8D8E-EF0DBA184469}.Debug|Any CPU.Build.0 = Debug|Any CPU
		{F89CA8A1-A3FB-421E-8D8E-EF0DBA184469}.Release|Any CPU.ActiveCfg = Release|Any CPU
		{F89CA8A1-A3FB-421E-8D8E-EF0DBA184469}.Release|Any CPU.Build.0 = Release|Any CPU
		{211B2D3E-6BD2-4C0F-88C5-63B9D72F77AE}.Debug|Any CPU.ActiveCfg = Debug|Any CPU
		{211B2D3E-6BD2-4C0F-88C5-63B9D72F77AE}.Debug|Any CPU.Build.0 = Debug|Any CPU
		{211B2D3E-6BD2-4C0F-88C5-63B9D72F77AE}.Release|Any CPU.ActiveCfg = Release|Any CPU
		{211B2D3E-6BD2-4C0F-88C5-63B9D72F77AE}.Release|Any CPU.Build.0 = Release|Any CPU
		{D6B587D2-628F-44FD-A6E1-19AA09929D94}.Debug|Any CPU.ActiveCfg = Debug|Any CPU
		{D6B587D2-628F-44FD-A6E1-19AA09929D94}.Debug|Any CPU.Build.0 = Debug|Any CPU
		{D6B587D2-628F-44FD-A6E1-19AA09929D94}.Release|Any CPU.ActiveCfg = Release|Any CPU
		{D6B587D2-628F-44FD-A6E1-19AA09929D94}.Release|Any CPU.Build.0 = Release|Any CPU
		{D28523F3-3C46-429F-8DD4-6BBF2A2D57C8}.Debug|Any CPU.ActiveCfg = Debug|Any CPU
		{D28523F3-3C46-429F-8DD4-6BBF2A2D57C8}.Debug|Any CPU.Build.0 = Debug|Any CPU
		{D28523F3-3C46-429F-8DD4-6BBF2A2D57C8}.Release|Any CPU.ActiveCfg = Release|Any CPU
		{D28523F3-3C46-429F-8DD4-6BBF2A2D57C8}.Release|Any CPU.Build.0 = Release|Any CPU
		{4E3E94FB-32E3-44A5-9C40-30755EA5E0AD}.Debug|Any CPU.ActiveCfg = Debug|Any CPU
		{4E3E94FB-32E3-44A5-9C40-30755EA5E0AD}.Debug|Any CPU.Build.0 = Debug|Any CPU
		{4E3E94FB-32E3-44A5-9C40-30755EA5E0AD}.Release|Any CPU.ActiveCfg = Release|Any CPU
		{4E3E94FB-32E3-44A5-9C40-30755EA5E0AD}.Release|Any CPU.Build.0 = Release|Any CPU
		{73E9103F-D2C6-4768-AEE5-E58AFABEA572}.Debug|Any CPU.ActiveCfg = Debug|Any CPU
		{73E9103F-D2C6-4768-AEE5-E58AFABEA572}.Debug|Any CPU.Build.0 = Debug|Any CPU
		{73E9103F-D2C6-4768-AEE5-E58AFABEA572}.Release|Any CPU.ActiveCfg = Release|Any CPU
		{73E9103F-D2C6-4768-AEE5-E58AFABEA572}.Release|Any CPU.Build.0 = Release|Any CPU
		{E903AE8B-C341-4BAE-8457-3F3F236768BA}.Debug|Any CPU.ActiveCfg = Debug|Any CPU
		{E903AE8B-C341-4BAE-8457-3F3F236768BA}.Debug|Any CPU.Build.0 = Debug|Any CPU
		{E903AE8B-C341-4BAE-8457-3F3F236768BA}.Release|Any CPU.ActiveCfg = Release|Any CPU
		{E903AE8B-C341-4BAE-8457-3F3F236768BA}.Release|Any CPU.Build.0 = Release|Any CPU
		{9584FCB1-F453-4590-90F0-79FF3A8BFE06}.Debug|Any CPU.ActiveCfg = Debug|Any CPU
		{9584FCB1-F453-4590-90F0-79FF3A8BFE06}.Debug|Any CPU.Build.0 = Debug|Any CPU
		{9584FCB1-F453-4590-90F0-79FF3A8BFE06}.Release|Any CPU.ActiveCfg = Release|Any CPU
		{9584FCB1-F453-4590-90F0-79FF3A8BFE06}.Release|Any CPU.Build.0 = Release|Any CPU
		{5E477CFD-7470-4016-8D5C-06DBE04C9022}.Debug|Any CPU.ActiveCfg = Debug|Any CPU
		{5E477CFD-7470-4016-8D5C-06DBE04C9022}.Debug|Any CPU.Build.0 = Debug|Any CPU
		{5E477CFD-7470-4016-8D5C-06DBE04C9022}.Release|Any CPU.ActiveCfg = Release|Any CPU
		{5E477CFD-7470-4016-8D5C-06DBE04C9022}.Release|Any CPU.Build.0 = Release|Any CPU
		{5C4D1E31-87C8-4BC3-AF1E-7EA02A4843E6}.Debug|Any CPU.ActiveCfg = Debug|Any CPU
		{5C4D1E31-87C8-4BC3-AF1E-7EA02A4843E6}.Debug|Any CPU.Build.0 = Debug|Any CPU
		{5C4D1E31-87C8-4BC3-AF1E-7EA02A4843E6}.Release|Any CPU.ActiveCfg = Release|Any CPU
		{5C4D1E31-87C8-4BC3-AF1E-7EA02A4843E6}.Release|Any CPU.Build.0 = Release|Any CPU
		{0AEBBF74-1EAB-4CEB-9780-4E42D5A0E663}.Debug|Any CPU.ActiveCfg = Debug|Any CPU
		{0AEBBF74-1EAB-4CEB-9780-4E42D5A0E663}.Debug|Any CPU.Build.0 = Debug|Any CPU
		{0AEBBF74-1EAB-4CEB-9780-4E42D5A0E663}.Release|Any CPU.ActiveCfg = Release|Any CPU
		{0AEBBF74-1EAB-4CEB-9780-4E42D5A0E663}.Release|Any CPU.Build.0 = Release|Any CPU
		{A4182C18-5C78-40C7-9A87-3E42DC0BDBE0}.Debug|Any CPU.ActiveCfg = Debug|Any CPU
		{A4182C18-5C78-40C7-9A87-3E42DC0BDBE0}.Debug|Any CPU.Build.0 = Debug|Any CPU
		{A4182C18-5C78-40C7-9A87-3E42DC0BDBE0}.Release|Any CPU.ActiveCfg = Release|Any CPU
		{A4182C18-5C78-40C7-9A87-3E42DC0BDBE0}.Release|Any CPU.Build.0 = Release|Any CPU
		{DA29F2B0-213E-42E2-A4ED-E406B293A383}.Debug|Any CPU.ActiveCfg = Debug|Any CPU
		{DA29F2B0-213E-42E2-A4ED-E406B293A383}.Debug|Any CPU.Build.0 = Debug|Any CPU
		{DA29F2B0-213E-42E2-A4ED-E406B293A383}.Release|Any CPU.ActiveCfg = Release|Any CPU
		{DA29F2B0-213E-42E2-A4ED-E406B293A383}.Release|Any CPU.Build.0 = Release|Any CPU
		{BAC51E54-2819-45B5-AD0A-92BD639BA5F3}.Debug|Any CPU.ActiveCfg = Debug|Any CPU
		{BAC51E54-2819-45B5-AD0A-92BD639BA5F3}.Debug|Any CPU.Build.0 = Debug|Any CPU
		{BAC51E54-2819-45B5-AD0A-92BD639BA5F3}.Release|Any CPU.ActiveCfg = Release|Any CPU
		{BAC51E54-2819-45B5-AD0A-92BD639BA5F3}.Release|Any CPU.Build.0 = Release|Any CPU
	EndGlobalSection
	GlobalSection(SolutionProperties) = preSolution
		HideSolutionNode = FALSE
	EndGlobalSection
	GlobalSection(NestedProjects) = preSolution
		{089949BC-B250-42F0-8853-FADA0C2A61AB} = {234B2411-0D60-4F9E-96E6-0019E0646F61}
		{5AC2FC3F-B2D1-4C60-B392-E6479601C41E} = {234B2411-0D60-4F9E-96E6-0019E0646F61}
		{F0648A58-1818-4760-A26C-010A7E6B6E75} = {234B2411-0D60-4F9E-96E6-0019E0646F61}
		{D2828388-B0CC-4291-953E-174BB0663959} = {C8A902FB-2C2C-43F4-8D39-48E9B724B784}
		{010F8BCD-363C-4157-B14E-D5C7F842DC31} = {C8A902FB-2C2C-43F4-8D39-48E9B724B784}
		{FEFF6E76-D750-47A0-BF39-526A29CEEA95} = {C8A902FB-2C2C-43F4-8D39-48E9B724B784}
		{8FA0ACFE-B6CC-4A0F-930E-7801C782B88B} = {C8A902FB-2C2C-43F4-8D39-48E9B724B784}
		{653EB43A-2D95-42C0-82DF-7A64BD94FA46} = {C8A902FB-2C2C-43F4-8D39-48E9B724B784}
		{1F8EB43B-6876-4E67-9DB8-92283F436024} = {C8A902FB-2C2C-43F4-8D39-48E9B724B784}
		{5761EA72-876B-4124-9C0C-A02848F14DE8} = {C8A902FB-2C2C-43F4-8D39-48E9B724B784}
		{C30F393B-11CB-44EF-A297-CD8AFEE22585} = {C8A902FB-2C2C-43F4-8D39-48E9B724B784}
		{F8AB973F-7FBD-4E17-9318-AFA62B677CAA} = {C8A902FB-2C2C-43F4-8D39-48E9B724B784}
		{F89CA8A1-A3FB-421E-8D8E-EF0DBA184469} = {C8A902FB-2C2C-43F4-8D39-48E9B724B784}
		{211B2D3E-6BD2-4C0F-88C5-63B9D72F77AE} = {C8A902FB-2C2C-43F4-8D39-48E9B724B784}
		{D6B587D2-628F-44FD-A6E1-19AA09929D94} = {C8A902FB-2C2C-43F4-8D39-48E9B724B784}
		{D28523F3-3C46-429F-8DD4-6BBF2A2D57C8} = {39BF8CAB-2329-4E16-BC6B-963E37DCC291}
		{4E3E94FB-32E3-44A5-9C40-30755EA5E0AD} = {39BF8CAB-2329-4E16-BC6B-963E37DCC291}
		{73E9103F-D2C6-4768-AEE5-E58AFABEA572} = {F13881BF-43B5-44D1-91A3-4E7D76B5ED9F}
		{E903AE8B-C341-4BAE-8457-3F3F236768BA} = {F13881BF-43B5-44D1-91A3-4E7D76B5ED9F}
		{9584FCB1-F453-4590-90F0-79FF3A8BFE06} = {C8A902FB-2C2C-43F4-8D39-48E9B724B784}
		{5E477CFD-7470-4016-8D5C-06DBE04C9022} = {39BF8CAB-2329-4E16-BC6B-963E37DCC291}
		{5C4D1E31-87C8-4BC3-AF1E-7EA02A4843E6} = {39BF8CAB-2329-4E16-BC6B-963E37DCC291}
		{0AEBBF74-1EAB-4CEB-9780-4E42D5A0E663} = {39BF8CAB-2329-4E16-BC6B-963E37DCC291}
		{A4182C18-5C78-40C7-9A87-3E42DC0BDBE0} = {C8A902FB-2C2C-43F4-8D39-48E9B724B784}
		{DA29F2B0-213E-42E2-A4ED-E406B293A383} = {F13881BF-43B5-44D1-91A3-4E7D76B5ED9F}
		{BAC51E54-2819-45B5-AD0A-92BD639BA5F3} = {C8A902FB-2C2C-43F4-8D39-48E9B724B784}
	EndGlobalSection
EndGlobal
