
Microsoft Visual Studio Solution File, Format Version 12.00
# Visual Studio 2013
VisualStudioVersion = 12.0.40629.0
MinimumVisualStudioVersion = 10.0.40219.1
Project("{2150E333-8FDC-42A3-9474-1A3956D46DE8}") = "1.Libraries", "1.Libraries", "{389295E0-944E-4F89-8823-E80333A84E2A}"
EndProject
Project("{2150E333-8FDC-42A3-9474-1A3956D46DE8}") = "4.Plugins", "4.Plugins", "{F2498C4A-7571-424D-B2BD-3BCAC1F88018}"
EndProject
Project("{2150E333-8FDC-42A3-9474-1A3956D46DE8}") = "2.Presentation", "2.Presentation", "{35B825AA-F28A-43B1-865D-45C49B38FAE3}"
EndProject
Project("{2150E333-8FDC-42A3-9474-1A3956D46DE8}") = "3.Strategies", "3.Strategies", "{18DFC54D-C4BF-4645-96A8-27E724901011}"
EndProject
Project("{FAE04EC0-301F-11D3-BF4B-00C04F79EFBC}") = "BrnShop.Core", "Libraries\BrnShop.Core\BrnShop.Core.csproj", "{6F48BB90-4F4C-4B85-A00C-0BDE023D30EB}"
EndProject
Project("{FAE04EC0-301F-11D3-BF4B-00C04F79EFBC}") = "BrnShop.Data", "Libraries\BrnShop.Data\BrnShop.Data.csproj", "{E858CDA9-58BA-4A3B-A1A1-CCB239C00A17}"
EndProject
Project("{FAE04EC0-301F-11D3-BF4B-00C04F79EFBC}") = "BrnShop.Services", "Libraries\BrnShop.Services\BrnShop.Services.csproj", "{596895BB-FF00-4139-B834-0718FA2DCD45}"
EndProject
Project("{FAE04EC0-301F-11D3-BF4B-00C04F79EFBC}") = "BrnShop.AsynStrategy.ThreadPool", "Strategies\BrnShop.AsynStrategy.ThreadPool\BrnShop.AsynStrategy.ThreadPool.csproj", "{348C502E-3B23-4282-96FA-41880BD749A4}"
EndProject
Project("{FAE04EC0-301F-11D3-BF4B-00C04F79EFBC}") = "BrnShop.CacheStrategy.AspNet", "Strategies\BrnShop.CacheStrategy.AspNet\BrnShop.CacheStrategy.AspNet.csproj", "{FBA4F166-818C-4C6A-A6D2-DDB50F79F4CE}"
EndProject
Project("{FAE04EC0-301F-11D3-BF4B-00C04F79EFBC}") = "BrnShop.CartStrategy.SqlServer", "Strategies\BrnShop.CartStrategy.SqlServer\BrnShop.CartStrategy.SqlServer.csproj", "{D8300143-B1F5-49C9-8CB7-647B57F5F25C}"
EndProject
Project("{FAE04EC0-301F-11D3-BF4B-00C04F79EFBC}") = "BrnShop.ConfigStrategy.File", "Strategies\BrnShop.ConfigStrategy.File\BrnShop.ConfigStrategy.File.csproj", "{05DA6597-1B17-4669-BD5D-6076CCA12516}"
EndProject
Project("{FAE04EC0-301F-11D3-BF4B-00C04F79EFBC}") = "BrnShop.EmailStrategy.DotNet", "Strategies\BrnShop.EmailStrategy.DotNet\BrnShop.EmailStrategy.DotNet.csproj", "{31218D41-63C4-4445-937B-910C20356623}"
EndProject
Project("{FAE04EC0-301F-11D3-BF4B-00C04F79EFBC}") = "BrnShop.EventStrategy.Timer", "Strategies\BrnShop.EventStrategy.Timer\BrnShop.EventStrategy.Timer.csproj", "{E2633CA2-87D4-459E-BACB-8CBF5BC60AD3}"
EndProject
Project("{FAE04EC0-301F-11D3-BF4B-00C04F79EFBC}") = "BrnShop.OrderStrategy.SqlServer", "Strategies\BrnShop.OrderStrategy.SqlServer\BrnShop.OrderStrategy.SqlServer.csproj", "{29CA2F8F-4CDD-4A58-95BF-D344FE709962}"
EndProject
Project("{FAE04EC0-301F-11D3-BF4B-00C04F79EFBC}") = "BrnShop.RandomStrategy.BrnShop", "Strategies\BrnShop.RandomStrategy.BrnShop\BrnShop.RandomStrategy.BrnShop.csproj", "{561B4D1F-610D-4CBC-9ACD-4A5D71BBA4EC}"
EndProject
Project("{FAE04EC0-301F-11D3-BF4B-00C04F79EFBC}") = "BrnShop.RDBSStrategy.SqlServer", "Strategies\BrnShop.RDBSStrategy.SqlServer\BrnShop.RDBSStrategy.SqlServer.csproj", "{E6C6CA41-C62A-4D4B-A151-5B86A200FBE4}"
EndProject
Project("{FAE04EC0-301F-11D3-BF4B-00C04F79EFBC}") = "BrnShop.SearchStrategy.SqlServer", "Strategies\BrnShop.SearchStrategy.SqlServer\BrnShop.SearchStrategy.SqlServer.csproj", "{FB193F34-A6F4-4700-83E2-BB6885823C8E}"
EndProject
Project("{FAE04EC0-301F-11D3-BF4B-00C04F79EFBC}") = "BrnShop.SessionStrategy.AspNetCache", "Strategies\BrnShop.SessionStrategy.AspNetCache\BrnShop.SessionStrategy.AspNetCache.csproj", "{B096796A-A804-4830-9F8B-2D05235AFCA7}"
EndProject
Project("{FAE04EC0-301F-11D3-BF4B-00C04F79EFBC}") = "BrnShop.SMSStrategy.BrnShop", "Strategies\BrnShop.SMSStrategy.BrnShop\BrnShop.SMSStrategy.BrnShop.csproj", "{AADFAFF3-2136-4779-8316-744C96D542ED}"
EndProject
Project("{FAE04EC0-301F-11D3-BF4B-00C04F79EFBC}") = "BrnShop.OAuthPlugin.QQ", "Plugins\BrnShop.OAuthPlugin.QQ\BrnShop.OAuthPlugin.QQ.csproj", "{8BD30632-EDCC-4377-AD11-4E56552CFCCD}"
EndProject
Project("{FAE04EC0-301F-11D3-BF4B-00C04F79EFBC}") = "BrnShop.PayPlugin.Alipay", "Plugins\BrnShop.PayPlugin.Alipay\BrnShop.PayPlugin.Alipay.csproj", "{3196A876-2D09-4242-B1BA-34D8A19A834B}"
EndProject
Project("{FAE04EC0-301F-11D3-BF4B-00C04F79EFBC}") = "BrnShop.ShipPlugin.SF", "Plugins\BrnShop.ShipPlugin.SF\BrnShop.ShipPlugin.SF.csproj", "{BB3AA7DD-23AF-4459-B615-1DEE3D7CC714}"
EndProject
Project("{FAE04EC0-301F-11D3-BF4B-00C04F79EFBC}") = "BrnShop.ShipPlugin.STO", "Plugins\BrnShop.ShipPlugin.STO\BrnShop.ShipPlugin.STO.csproj", "{3D1CAEF1-B78F-4F94-BA82-5D98C951A55C}"
EndProject
Project("{FAE04EC0-301F-11D3-BF4B-00C04F79EFBC}") = "BrnShop.ShipPlugin.YTO", "Plugins\BrnShop.ShipPlugin.YTO\BrnShop.ShipPlugin.YTO.csproj", "{9E60DE64-8BA9-4FB7-A7D3-BFFA7AE6A95E}"
EndProject
Project("{FAE04EC0-301F-11D3-BF4B-00C04F79EFBC}") = "BrnShop.ShipPlugin.ZTO", "Plugins\BrnShop.ShipPlugin.ZTO\BrnShop.ShipPlugin.ZTO.csproj", "{CD1A3AED-BBEF-4217-862A-2B12FEF322A5}"
EndProject
Project("{FAE04EC0-301F-11D3-BF4B-00C04F79EFBC}") = "BrnShop.Web.Framework", "Presentation\BrnShop.Web.Framework\BrnShop.Web.Framework.csproj", "{46889243-4E04-4B19-9AA2-CD7CF2DD73D8}"
EndProject
Project("{FAE04EC0-301F-11D3-BF4B-00C04F79EFBC}") = "BrnShop.Web", "Presentation\BrnShop.Web\BrnShop.Web.csproj", "{26118BDF-D38B-4EE1-A14D-0362F1C079D7}"
EndProject
Project("{FAE04EC0-301F-11D3-BF4B-00C04F79EFBC}") = "BrnShop.LogStrategy.Txt", "Strategies\BrnShop.LogStrategy.Txt\BrnShop.LogStrategy.Txt.csproj", "{1472B45A-FAC4-4F76-B7C1-1616157AD10D}"
EndProject
Project("{FAE04EC0-301F-11D3-BF4B-00C04F79EFBC}") = "BrnShop.Web.Admin", "Presentation\BrnShop.Web\administration\BrnShop.Web.Admin.csproj", "{5B095420-1E35-41F3-A570-F5D96D54BE6A}"
EndProject
Project("{FAE04EC0-301F-11D3-BF4B-00C04F79EFBC}") = "BrnShop.Web.Mobile", "Presentation\BrnShop.Web\mobile\BrnShop.Web.Mobile.csproj", "{5598D8D8-B587-4C8B-BADE-64D012F87179}"
EndProject
Project("{FAE04EC0-301F-11D3-BF4B-00C04F79EFBC}") = "BrnShop.UploadStrategy.LocalServer", "Strategies\BrnShop.UploadStrategy.LocalServer\BrnShop.UploadStrategy.LocalServer.csproj", "{A5D359FD-C5E2-4417-AB3D-030803A48F34}"
EndProject
Project("{FAE04EC0-301F-11D3-BF4B-00C04F79EFBC}") = "BrnShop.PayPlugin.WeChat", "Plugins\BrnShop.PayPlugin.WeChat\BrnShop.PayPlugin.WeChat.csproj", "{F716AE9F-681E-468C-B91D-A644532DA4B7}"
EndProject
Project("{FAE04EC0-301F-11D3-BF4B-00C04F79EFBC}") = "BrnShop.IPSeekStrategy.IPFile", "Strategies\BrnShop.IPSeekStrategy.IPFile\BrnShop.IPSeekStrategy.IPFile.csproj", "{9B3797CA-D81E-4DEE-92F0-D9D8D3718D66}"
EndProject
Global
	GlobalSection(SolutionConfigurationPlatforms) = preSolution
		Debug|Any CPU = Debug|Any CPU
		Release|Any CPU = Release|Any CPU
	EndGlobalSection
	GlobalSection(ProjectConfigurationPlatforms) = postSolution
		{6F48BB90-4F4C-4B85-A00C-0BDE023D30EB}.Debug|Any CPU.ActiveCfg = Debug|Any CPU
		{6F48BB90-4F4C-4B85-A00C-0BDE023D30EB}.Debug|Any CPU.Build.0 = Debug|Any CPU
		{6F48BB90-4F4C-4B85-A00C-0BDE023D30EB}.Release|Any CPU.ActiveCfg = Release|Any CPU
		{6F48BB90-4F4C-4B85-A00C-0BDE023D30EB}.Release|Any CPU.Build.0 = Release|Any CPU
		{E858CDA9-58BA-4A3B-A1A1-CCB239C00A17}.Debug|Any CPU.ActiveCfg = Debug|Any CPU
		{E858CDA9-58BA-4A3B-A1A1-CCB239C00A17}.Debug|Any CPU.Build.0 = Debug|Any CPU
		{E858CDA9-58BA-4A3B-A1A1-CCB239C00A17}.Release|Any CPU.ActiveCfg = Release|Any CPU
		{E858CDA9-58BA-4A3B-A1A1-CCB239C00A17}.Release|Any CPU.Build.0 = Release|Any CPU
		{596895BB-FF00-4139-B834-0718FA2DCD45}.Debug|Any CPU.ActiveCfg = Debug|Any CPU
		{596895BB-FF00-4139-B834-0718FA2DCD45}.Debug|Any CPU.Build.0 = Debug|Any CPU
		{596895BB-FF00-4139-B834-0718FA2DCD45}.Release|Any CPU.ActiveCfg = Release|Any CPU
		{596895BB-FF00-4139-B834-0718FA2DCD45}.Release|Any CPU.Build.0 = Release|Any CPU
		{348C502E-3B23-4282-96FA-41880BD749A4}.Debug|Any CPU.ActiveCfg = Debug|Any CPU
		{348C502E-3B23-4282-96FA-41880BD749A4}.Debug|Any CPU.Build.0 = Debug|Any CPU
		{348C502E-3B23-4282-96FA-41880BD749A4}.Release|Any CPU.ActiveCfg = Release|Any CPU
		{348C502E-3B23-4282-96FA-41880BD749A4}.Release|Any CPU.Build.0 = Release|Any CPU
		{FBA4F166-818C-4C6A-A6D2-DDB50F79F4CE}.Debug|Any CPU.ActiveCfg = Debug|Any CPU
		{FBA4F166-818C-4C6A-A6D2-DDB50F79F4CE}.Debug|Any CPU.Build.0 = Debug|Any CPU
		{FBA4F166-818C-4C6A-A6D2-DDB50F79F4CE}.Release|Any CPU.ActiveCfg = Release|Any CPU
		{FBA4F166-818C-4C6A-A6D2-DDB50F79F4CE}.Release|Any CPU.Build.0 = Release|Any CPU
		{D8300143-B1F5-49C9-8CB7-647B57F5F25C}.Debug|Any CPU.ActiveCfg = Debug|Any CPU
		{D8300143-B1F5-49C9-8CB7-647B57F5F25C}.Debug|Any CPU.Build.0 = Debug|Any CPU
		{D8300143-B1F5-49C9-8CB7-647B57F5F25C}.Release|Any CPU.ActiveCfg = Release|Any CPU
		{D8300143-B1F5-49C9-8CB7-647B57F5F25C}.Release|Any CPU.Build.0 = Release|Any CPU
		{05DA6597-1B17-4669-BD5D-6076CCA12516}.Debug|Any CPU.ActiveCfg = Debug|Any CPU
		{05DA6597-1B17-4669-BD5D-6076CCA12516}.Debug|Any CPU.Build.0 = Debug|Any CPU
		{05DA6597-1B17-4669-BD5D-6076CCA12516}.Release|Any CPU.ActiveCfg = Release|Any CPU
		{05DA6597-1B17-4669-BD5D-6076CCA12516}.Release|Any CPU.Build.0 = Release|Any CPU
		{31218D41-63C4-4445-937B-910C20356623}.Debug|Any CPU.ActiveCfg = Debug|Any CPU
		{31218D41-63C4-4445-937B-910C20356623}.Debug|Any CPU.Build.0 = Debug|Any CPU
		{31218D41-63C4-4445-937B-910C20356623}.Release|Any CPU.ActiveCfg = Release|Any CPU
		{31218D41-63C4-4445-937B-910C20356623}.Release|Any CPU.Build.0 = Release|Any CPU
		{E2633CA2-87D4-459E-BACB-8CBF5BC60AD3}.Debug|Any CPU.ActiveCfg = Debug|Any CPU
		{E2633CA2-87D4-459E-BACB-8CBF5BC60AD3}.Debug|Any CPU.Build.0 = Debug|Any CPU
		{E2633CA2-87D4-459E-BACB-8CBF5BC60AD3}.Release|Any CPU.ActiveCfg = Release|Any CPU
		{E2633CA2-87D4-459E-BACB-8CBF5BC60AD3}.Release|Any CPU.Build.0 = Release|Any CPU
		{29CA2F8F-4CDD-4A58-95BF-D344FE709962}.Debug|Any CPU.ActiveCfg = Debug|Any CPU
		{29CA2F8F-4CDD-4A58-95BF-D344FE709962}.Debug|Any CPU.Build.0 = Debug|Any CPU
		{29CA2F8F-4CDD-4A58-95BF-D344FE709962}.Release|Any CPU.ActiveCfg = Release|Any CPU
		{29CA2F8F-4CDD-4A58-95BF-D344FE709962}.Release|Any CPU.Build.0 = Release|Any CPU
		{561B4D1F-610D-4CBC-9ACD-4A5D71BBA4EC}.Debug|Any CPU.ActiveCfg = Debug|Any CPU
		{561B4D1F-610D-4CBC-9ACD-4A5D71BBA4EC}.Debug|Any CPU.Build.0 = Debug|Any CPU
		{561B4D1F-610D-4CBC-9ACD-4A5D71BBA4EC}.Release|Any CPU.ActiveCfg = Release|Any CPU
		{561B4D1F-610D-4CBC-9ACD-4A5D71BBA4EC}.Release|Any CPU.Build.0 = Release|Any CPU
		{E6C6CA41-C62A-4D4B-A151-5B86A200FBE4}.Debug|Any CPU.ActiveCfg = Debug|Any CPU
		{E6C6CA41-C62A-4D4B-A151-5B86A200FBE4}.Debug|Any CPU.Build.0 = Debug|Any CPU
		{E6C6CA41-C62A-4D4B-A151-5B86A200FBE4}.Release|Any CPU.ActiveCfg = Release|Any CPU
		{E6C6CA41-C62A-4D4B-A151-5B86A200FBE4}.Release|Any CPU.Build.0 = Release|Any CPU
		{FB193F34-A6F4-4700-83E2-BB6885823C8E}.Debug|Any CPU.ActiveCfg = Debug|Any CPU
		{FB193F34-A6F4-4700-83E2-BB6885823C8E}.Debug|Any CPU.Build.0 = Debug|Any CPU
		{FB193F34-A6F4-4700-83E2-BB6885823C8E}.Release|Any CPU.ActiveCfg = Release|Any CPU
		{FB193F34-A6F4-4700-83E2-BB6885823C8E}.Release|Any CPU.Build.0 = Release|Any CPU
		{B096796A-A804-4830-9F8B-2D05235AFCA7}.Debug|Any CPU.ActiveCfg = Debug|Any CPU
		{B096796A-A804-4830-9F8B-2D05235AFCA7}.Debug|Any CPU.Build.0 = Debug|Any CPU
		{B096796A-A804-4830-9F8B-2D05235AFCA7}.Release|Any CPU.ActiveCfg = Release|Any CPU
		{B096796A-A804-4830-9F8B-2D05235AFCA7}.Release|Any CPU.Build.0 = Release|Any CPU
		{AADFAFF3-2136-4779-8316-744C96D542ED}.Debug|Any CPU.ActiveCfg = Debug|Any CPU
		{AADFAFF3-2136-4779-8316-744C96D542ED}.Debug|Any CPU.Build.0 = Debug|Any CPU
		{AADFAFF3-2136-4779-8316-744C96D542ED}.Release|Any CPU.ActiveCfg = Release|Any CPU
		{AADFAFF3-2136-4779-8316-744C96D542ED}.Release|Any CPU.Build.0 = Release|Any CPU
		{8BD30632-EDCC-4377-AD11-4E56552CFCCD}.Debug|Any CPU.ActiveCfg = Debug|Any CPU
		{8BD30632-EDCC-4377-AD11-4E56552CFCCD}.Debug|Any CPU.Build.0 = Debug|Any CPU
		{8BD30632-EDCC-4377-AD11-4E56552CFCCD}.Release|Any CPU.ActiveCfg = Release|Any CPU
		{8BD30632-EDCC-4377-AD11-4E56552CFCCD}.Release|Any CPU.Build.0 = Release|Any CPU
		{3196A876-2D09-4242-B1BA-34D8A19A834B}.Debug|Any CPU.ActiveCfg = Debug|Any CPU
		{3196A876-2D09-4242-B1BA-34D8A19A834B}.Debug|Any CPU.Build.0 = Debug|Any CPU
		{3196A876-2D09-4242-B1BA-34D8A19A834B}.Release|Any CPU.ActiveCfg = Release|Any CPU
		{3196A876-2D09-4242-B1BA-34D8A19A834B}.Release|Any CPU.Build.0 = Release|Any CPU
		{BB3AA7DD-23AF-4459-B615-1DEE3D7CC714}.Debug|Any CPU.ActiveCfg = Debug|Any CPU
		{BB3AA7DD-23AF-4459-B615-1DEE3D7CC714}.Debug|Any CPU.Build.0 = Debug|Any CPU
		{BB3AA7DD-23AF-4459-B615-1DEE3D7CC714}.Release|Any CPU.ActiveCfg = Release|Any CPU
		{BB3AA7DD-23AF-4459-B615-1DEE3D7CC714}.Release|Any CPU.Build.0 = Release|Any CPU
		{3D1CAEF1-B78F-4F94-BA82-5D98C951A55C}.Debug|Any CPU.ActiveCfg = Debug|Any CPU
		{3D1CAEF1-B78F-4F94-BA82-5D98C951A55C}.Debug|Any CPU.Build.0 = Debug|Any CPU
		{3D1CAEF1-B78F-4F94-BA82-5D98C951A55C}.Release|Any CPU.ActiveCfg = Release|Any CPU
		{3D1CAEF1-B78F-4F94-BA82-5D98C951A55C}.Release|Any CPU.Build.0 = Release|Any CPU
		{9E60DE64-8BA9-4FB7-A7D3-BFFA7AE6A95E}.Debug|Any CPU.ActiveCfg = Debug|Any CPU
		{9E60DE64-8BA9-4FB7-A7D3-BFFA7AE6A95E}.Debug|Any CPU.Build.0 = Debug|Any CPU
		{9E60DE64-8BA9-4FB7-A7D3-BFFA7AE6A95E}.Release|Any CPU.ActiveCfg = Release|Any CPU
		{9E60DE64-8BA9-4FB7-A7D3-BFFA7AE6A95E}.Release|Any CPU.Build.0 = Release|Any CPU
		{CD1A3AED-BBEF-4217-862A-2B12FEF322A5}.Debug|Any CPU.ActiveCfg = Debug|Any CPU
		{CD1A3AED-BBEF-4217-862A-2B12FEF322A5}.Debug|Any CPU.Build.0 = Debug|Any CPU
		{CD1A3AED-BBEF-4217-862A-2B12FEF322A5}.Release|Any CPU.ActiveCfg = Release|Any CPU
		{CD1A3AED-BBEF-4217-862A-2B12FEF322A5}.Release|Any CPU.Build.0 = Release|Any CPU
		{46889243-4E04-4B19-9AA2-CD7CF2DD73D8}.Debug|Any CPU.ActiveCfg = Debug|Any CPU
		{46889243-4E04-4B19-9AA2-CD7CF2DD73D8}.Debug|Any CPU.Build.0 = Debug|Any CPU
		{46889243-4E04-4B19-9AA2-CD7CF2DD73D8}.Release|Any CPU.ActiveCfg = Release|Any CPU
		{46889243-4E04-4B19-9AA2-CD7CF2DD73D8}.Release|Any CPU.Build.0 = Release|Any CPU
		{26118BDF-D38B-4EE1-A14D-0362F1C079D7}.Debug|Any CPU.ActiveCfg = Debug|Any CPU
		{26118BDF-D38B-4EE1-A14D-0362F1C079D7}.Debug|Any CPU.Build.0 = Debug|Any CPU
		{26118BDF-D38B-4EE1-A14D-0362F1C079D7}.Release|Any CPU.ActiveCfg = Release|Any CPU
		{26118BDF-D38B-4EE1-A14D-0362F1C079D7}.Release|Any CPU.Build.0 = Release|Any CPU
		{1472B45A-FAC4-4F76-B7C1-1616157AD10D}.Debug|Any CPU.ActiveCfg = Debug|Any CPU
		{1472B45A-FAC4-4F76-B7C1-1616157AD10D}.Debug|Any CPU.Build.0 = Debug|Any CPU
		{1472B45A-FAC4-4F76-B7C1-1616157AD10D}.Release|Any CPU.ActiveCfg = Release|Any CPU
		{1472B45A-FAC4-4F76-B7C1-1616157AD10D}.Release|Any CPU.Build.0 = Release|Any CPU
		{5B095420-1E35-41F3-A570-F5D96D54BE6A}.Debug|Any CPU.ActiveCfg = Debug|Any CPU
		{5B095420-1E35-41F3-A570-F5D96D54BE6A}.Debug|Any CPU.Build.0 = Debug|Any CPU
		{5B095420-1E35-41F3-A570-F5D96D54BE6A}.Release|Any CPU.ActiveCfg = Release|Any CPU
		{5B095420-1E35-41F3-A570-F5D96D54BE6A}.Release|Any CPU.Build.0 = Release|Any CPU
		{5598D8D8-B587-4C8B-BADE-64D012F87179}.Debug|Any CPU.ActiveCfg = Debug|Any CPU
		{5598D8D8-B587-4C8B-BADE-64D012F87179}.Debug|Any CPU.Build.0 = Debug|Any CPU
		{5598D8D8-B587-4C8B-BADE-64D012F87179}.Release|Any CPU.ActiveCfg = Release|Any CPU
		{5598D8D8-B587-4C8B-BADE-64D012F87179}.Release|Any CPU.Build.0 = Release|Any CPU
		{A5D359FD-C5E2-4417-AB3D-030803A48F34}.Debug|Any CPU.ActiveCfg = Debug|Any CPU
		{A5D359FD-C5E2-4417-AB3D-030803A48F34}.Debug|Any CPU.Build.0 = Debug|Any CPU
		{A5D359FD-C5E2-4417-AB3D-030803A48F34}.Release|Any CPU.ActiveCfg = Release|Any CPU
		{A5D359FD-C5E2-4417-AB3D-030803A48F34}.Release|Any CPU.Build.0 = Release|Any CPU
		{F716AE9F-681E-468C-B91D-A644532DA4B7}.Debug|Any CPU.ActiveCfg = Debug|Any CPU
		{F716AE9F-681E-468C-B91D-A644532DA4B7}.Debug|Any CPU.Build.0 = Debug|Any CPU
		{F716AE9F-681E-468C-B91D-A644532DA4B7}.Release|Any CPU.ActiveCfg = Release|Any CPU
		{F716AE9F-681E-468C-B91D-A644532DA4B7}.Release|Any CPU.Build.0 = Release|Any CPU
		{9B3797CA-D81E-4DEE-92F0-D9D8D3718D66}.Debug|Any CPU.ActiveCfg = Debug|Any CPU
		{9B3797CA-D81E-4DEE-92F0-D9D8D3718D66}.Debug|Any CPU.Build.0 = Debug|Any CPU
		{9B3797CA-D81E-4DEE-92F0-D9D8D3718D66}.Release|Any CPU.ActiveCfg = Release|Any CPU
		{9B3797CA-D81E-4DEE-92F0-D9D8D3718D66}.Release|Any CPU.Build.0 = Release|Any CPU
	EndGlobalSection
	GlobalSection(SolutionProperties) = preSolution
		HideSolutionNode = FALSE
	EndGlobalSection
	GlobalSection(NestedProjects) = preSolution
		{6F48BB90-4F4C-4B85-A00C-0BDE023D30EB} = {389295E0-944E-4F89-8823-E80333A84E2A}
		{E858CDA9-58BA-4A3B-A1A1-CCB239C00A17} = {389295E0-944E-4F89-8823-E80333A84E2A}
		{596895BB-FF00-4139-B834-0718FA2DCD45} = {389295E0-944E-4F89-8823-E80333A84E2A}
		{348C502E-3B23-4282-96FA-41880BD749A4} = {18DFC54D-C4BF-4645-96A8-27E724901011}
		{FBA4F166-818C-4C6A-A6D2-DDB50F79F4CE} = {18DFC54D-C4BF-4645-96A8-27E724901011}
		{D8300143-B1F5-49C9-8CB7-647B57F5F25C} = {18DFC54D-C4BF-4645-96A8-27E724901011}
		{05DA6597-1B17-4669-BD5D-6076CCA12516} = {18DFC54D-C4BF-4645-96A8-27E724901011}
		{31218D41-63C4-4445-937B-910C20356623} = {18DFC54D-C4BF-4645-96A8-27E724901011}
		{E2633CA2-87D4-459E-BACB-8CBF5BC60AD3} = {18DFC54D-C4BF-4645-96A8-27E724901011}
		{29CA2F8F-4CDD-4A58-95BF-D344FE709962} = {18DFC54D-C4BF-4645-96A8-27E724901011}
		{561B4D1F-610D-4CBC-9ACD-4A5D71BBA4EC} = {18DFC54D-C4BF-4645-96A8-27E724901011}
		{E6C6CA41-C62A-4D4B-A151-5B86A200FBE4} = {18DFC54D-C4BF-4645-96A8-27E724901011}
		{FB193F34-A6F4-4700-83E2-BB6885823C8E} = {18DFC54D-C4BF-4645-96A8-27E724901011}
		{B096796A-A804-4830-9F8B-2D05235AFCA7} = {18DFC54D-C4BF-4645-96A8-27E724901011}
		{AADFAFF3-2136-4779-8316-744C96D542ED} = {18DFC54D-C4BF-4645-96A8-27E724901011}
		{8BD30632-EDCC-4377-AD11-4E56552CFCCD} = {F2498C4A-7571-424D-B2BD-3BCAC1F88018}
		{3196A876-2D09-4242-B1BA-34D8A19A834B} = {F2498C4A-7571-424D-B2BD-3BCAC1F88018}
		{BB3AA7DD-23AF-4459-B615-1DEE3D7CC714} = {F2498C4A-7571-424D-B2BD-3BCAC1F88018}
		{3D1CAEF1-B78F-4F94-BA82-5D98C951A55C} = {F2498C4A-7571-424D-B2BD-3BCAC1F88018}
		{9E60DE64-8BA9-4FB7-A7D3-BFFA7AE6A95E} = {F2498C4A-7571-424D-B2BD-3BCAC1F88018}
		{CD1A3AED-BBEF-4217-862A-2B12FEF322A5} = {F2498C4A-7571-424D-B2BD-3BCAC1F88018}
		{46889243-4E04-4B19-9AA2-CD7CF2DD73D8} = {35B825AA-F28A-43B1-865D-45C49B38FAE3}
		{26118BDF-D38B-4EE1-A14D-0362F1C079D7} = {35B825AA-F28A-43B1-865D-45C49B38FAE3}
		{1472B45A-FAC4-4F76-B7C1-1616157AD10D} = {18DFC54D-C4BF-4645-96A8-27E724901011}
		{5B095420-1E35-41F3-A570-F5D96D54BE6A} = {35B825AA-F28A-43B1-865D-45C49B38FAE3}
		{5598D8D8-B587-4C8B-BADE-64D012F87179} = {35B825AA-F28A-43B1-865D-45C49B38FAE3}
		{A5D359FD-C5E2-4417-AB3D-030803A48F34} = {18DFC54D-C4BF-4645-96A8-27E724901011}
		{F716AE9F-681E-468C-B91D-A644532DA4B7} = {F2498C4A-7571-424D-B2BD-3BCAC1F88018}
		{9B3797CA-D81E-4DEE-92F0-D9D8D3718D66} = {18DFC54D-C4BF-4645-96A8-27E724901011}
	EndGlobalSection
EndGlobal
